
Microsoft Visual Studio Solution File, Format Version 12.00
# Visual Studio Version 17
VisualStudioVersion = 17.9.34622.214
MinimumVisualStudioVersion = 10.0.40219.1
Project("{FAE04EC0-301F-11D3-BF4B-00C04F79EFBC}") = "Taller3D", "Taller3D.csproj", "{B6483F31-E628-4FBF-9BF1-D6DD4FC0378C}"
EndProject
Global
	GlobalSection(SolutionConfigurationPlatforms) = preSolution
		Debug|Any CPU = Debug|Any CPU
		Release|Any CPU = Release|Any CPU
	EndGlobalSection
	GlobalSection(ProjectConfigurationPlatforms) = postSolution
		{B6483F31-E628-4FBF-9BF1-D6DD4FC0378C}.Debug|Any CPU.ActiveCfg = Debug|Any CPU
		{B6483F31-E628-4FBF-9BF1-D6DD4FC0378C}.Debug|Any CPU.Build.0 = Debug|Any CPU
		{B6483F31-E628-4FBF-9BF1-D6DD4FC0378C}.Release|Any CPU.ActiveCfg = Release|Any CPU
		{B6483F31-E628-4FBF-9BF1-D6DD4FC0378C}.Release|Any CPU.Build.0 = Release|Any CPU
	EndGlobalSection
	GlobalSection(SolutionProperties) = preSolution
		HideSolutionNode = FALSE
	EndGlobalSection
	GlobalSection(ExtensibilityGlobals) = postSolution
		SolutionGuid = {95668DCB-F3D8-40AF-94E5-755F5C1E6563}
	EndGlobalSection
EndGlobal
